// !$*UTF8*$!
{
	archiveVersion = 1;
	classes = {
	};
	objectVersion = 46;
	objects = {

/* Begin PBXBuildFile section */
		27FBB004471A71ED87D3D49D /* Pods_MogoNavigatorModuleUITests.framework in Frameworks */ = {isa = PBXBuildFile; fileRef = 9855B2BFD8E23AA29EABA4AF /* Pods_MogoNavigatorModuleUITests.framework */; };
		5A071C477ED4A47812A1A5B0 /* Pods_MogoNavigatorModuleTests.framework in Frameworks */ = {isa = PBXBuildFile; fileRef = B146B8D59087E50D295BF70E /* Pods_MogoNavigatorModuleTests.framework */; };
		E4A4B9DF1F3C2DD200B27324 /* AppDelegate.swift in Sources */ = {isa = PBXBuildFile; fileRef = E4A4B9DE1F3C2DD200B27324 /* AppDelegate.swift */; };
		E4A4B9E11F3C2DD200B27324 /* ViewController.swift in Sources */ = {isa = PBXBuildFile; fileRef = E4A4B9E01F3C2DD200B27324 /* ViewController.swift */; };
		E4A4B9E41F3C2DD200B27324 /* Main.storyboard in Resources */ = {isa = PBXBuildFile; fileRef = E4A4B9E21F3C2DD200B27324 /* Main.storyboard */; };
		E4A4B9E61F3C2DD200B27324 /* Assets.xcassets in Resources */ = {isa = PBXBuildFile; fileRef = E4A4B9E51F3C2DD200B27324 /* Assets.xcassets */; };
		E4A4B9E91F3C2DD200B27324 /* LaunchScreen.storyboard in Resources */ = {isa = PBXBuildFile; fileRef = E4A4B9E71F3C2DD200B27324 /* LaunchScreen.storyboard */; };
		E4A4B9F41F3C2DD200B27324 /* MogoNavigatorModuleTests.swift in Sources */ = {isa = PBXBuildFile; fileRef = E4A4B9F31F3C2DD200B27324 /* MogoNavigatorModuleTests.swift */; };
		E4A4B9FF1F3C2DD200B27324 /* MogoNavigatorModuleUITests.swift in Sources */ = {isa = PBXBuildFile; fileRef = E4A4B9FE1F3C2DD200B27324 /* MogoNavigatorModuleUITests.swift */; };
		E4A4BA0E1F3C2FD000B27324 /* MogoNavogator.swift in Sources */ = {isa = PBXBuildFile; fileRef = E4A4BA0D1F3C2FD000B27324 /* MogoNavogator.swift */; };
		E80358B57126BD23083D230B /* Pods_MogoNavigatorModule.framework in Frameworks */ = {isa = PBXBuildFile; fileRef = 8CFEB9AA5662FEE5C3F5AF4C /* Pods_MogoNavigatorModule.framework */; };
/* End PBXBuildFile section */

/* Begin PBXContainerItemProxy section */
		E4A4B9F01F3C2DD200B27324 /* PBXContainerItemProxy */ = {
			isa = PBXContainerItemProxy;
			containerPortal = E4A4B9D31F3C2DD200B27324 /* Project object */;
			proxyType = 1;
			remoteGlobalIDString = E4A4B9DA1F3C2DD200B27324;
			remoteInfo = MogoNavigatorModule;
		};
		E4A4B9FB1F3C2DD200B27324 /* PBXContainerItemProxy */ = {
			isa = PBXContainerItemProxy;
			containerPortal = E4A4B9D31F3C2DD200B27324 /* Project object */;
			proxyType = 1;
			remoteGlobalIDString = E4A4B9DA1F3C2DD200B27324;
			remoteInfo = MogoNavigatorModule;
		};
/* End PBXContainerItemProxy section */

/* Begin PBXFileReference section */
		116A7FF419A5657AF10018BF /* Pods-MogoNavigatorModuleTests.release.xcconfig */ = {isa = PBXFileReference; includeInIndex = 1; lastKnownFileType = text.xcconfig; name = "Pods-MogoNavigatorModuleTests.release.xcconfig"; path = "Pods/Target Support Files/Pods-MogoNavigatorModuleTests/Pods-MogoNavigatorModuleTests.release.xcconfig"; sourceTree = "<group>"; };
		1D93B67764BB3D91D17181C5 /* Pods-MogoNavigatorModule.release.xcconfig */ = {isa = PBXFileReference; includeInIndex = 1; lastKnownFileType = text.xcconfig; name = "Pods-MogoNavigatorModule.release.xcconfig"; path = "Pods/Target Support Files/Pods-MogoNavigatorModule/Pods-MogoNavigatorModule.release.xcconfig"; sourceTree = "<group>"; };
		20044E1C3AA6D65B47A9EC7A /* Pods-MogoNavigatorModuleTests.debug.xcconfig */ = {isa = PBXFileReference; includeInIndex = 1; lastKnownFileType = text.xcconfig; name = "Pods-MogoNavigatorModuleTests.debug.xcconfig"; path = "Pods/Target Support Files/Pods-MogoNavigatorModuleTests/Pods-MogoNavigatorModuleTests.debug.xcconfig"; sourceTree = "<group>"; };
		2FA785BB63B5738330692E6F /* Pods-MogoNavigatorModuleUITests.release.xcconfig */ = {isa = PBXFileReference; includeInIndex = 1; lastKnownFileType = text.xcconfig; name = "Pods-MogoNavigatorModuleUITests.release.xcconfig"; path = "Pods/Target Support Files/Pods-MogoNavigatorModuleUITests/Pods-MogoNavigatorModuleUITests.release.xcconfig"; sourceTree = "<group>"; };
		7E87A257B0805800FC591825 /* Pods-MogoNavigatorModule.debug.xcconfig */ = {isa = PBXFileReference; includeInIndex = 1; lastKnownFileType = text.xcconfig; name = "Pods-MogoNavigatorModule.debug.xcconfig"; path = "Pods/Target Support Files/Pods-MogoNavigatorModule/Pods-MogoNavigatorModule.debug.xcconfig"; sourceTree = "<group>"; };
		8CFEB9AA5662FEE5C3F5AF4C /* Pods_MogoNavigatorModule.framework */ = {isa = PBXFileReference; explicitFileType = wrapper.framework; includeInIndex = 0; path = Pods_MogoNavigatorModule.framework; sourceTree = BUILT_PRODUCTS_DIR; };
		9855B2BFD8E23AA29EABA4AF /* Pods_MogoNavigatorModuleUITests.framework */ = {isa = PBXFileReference; explicitFileType = wrapper.framework; includeInIndex = 0; path = Pods_MogoNavigatorModuleUITests.framework; sourceTree = BUILT_PRODUCTS_DIR; };
		B146B8D59087E50D295BF70E /* Pods_MogoNavigatorModuleTests.framework */ = {isa = PBXFileReference; explicitFileType = wrapper.framework; includeInIndex = 0; path = Pods_MogoNavigatorModuleTests.framework; sourceTree = BUILT_PRODUCTS_DIR; };
		D5A53D014EC67977CA5A759C /* Pods-MogoNavigatorModuleUITests.debug.xcconfig */ = {isa = PBXFileReference; includeInIndex = 1; lastKnownFileType = text.xcconfig; name = "Pods-MogoNavigatorModuleUITests.debug.xcconfig"; path = "Pods/Target Support Files/Pods-MogoNavigatorModuleUITests/Pods-MogoNavigatorModuleUITests.debug.xcconfig"; sourceTree = "<group>"; };
		E4A4B9DB1F3C2DD200B27324 /* MogoNavigatorModule.app */ = {isa = PBXFileReference; explicitFileType = wrapper.application; includeInIndex = 0; path = MogoNavigatorModule.app; sourceTree = BUILT_PRODUCTS_DIR; };
		E4A4B9DE1F3C2DD200B27324 /* AppDelegate.swift */ = {isa = PBXFileReference; lastKnownFileType = sourcecode.swift; path = AppDelegate.swift; sourceTree = "<group>"; };
		E4A4B9E01F3C2DD200B27324 /* ViewController.swift */ = {isa = PBXFileReference; lastKnownFileType = sourcecode.swift; path = ViewController.swift; sourceTree = "<group>"; };
		E4A4B9E31F3C2DD200B27324 /* Base */ = {isa = PBXFileReference; lastKnownFileType = file.storyboard; name = Base; path = Base.lproj/Main.storyboard; sourceTree = "<group>"; };
		E4A4B9E51F3C2DD200B27324 /* Assets.xcassets */ = {isa = PBXFileReference; lastKnownFileType = folder.assetcatalog; path = Assets.xcassets; sourceTree = "<group>"; };
		E4A4B9E81F3C2DD200B27324 /* Base */ = {isa = PBXFileReference; lastKnownFileType = file.storyboard; name = Base; path = Base.lproj/LaunchScreen.storyboard; sourceTree = "<group>"; };
		E4A4B9EA1F3C2DD200B27324 /* Info.plist */ = {isa = PBXFileReference; lastKnownFileType = text.plist.xml; path = Info.plist; sourceTree = "<group>"; };
		E4A4B9EF1F3C2DD200B27324 /* MogoNavigatorModuleTests.xctest */ = {isa = PBXFileReference; explicitFileType = wrapper.cfbundle; includeInIndex = 0; path = MogoNavigatorModuleTests.xctest; sourceTree = BUILT_PRODUCTS_DIR; };
		E4A4B9F31F3C2DD200B27324 /* MogoNavigatorModuleTests.swift */ = {isa = PBXFileReference; lastKnownFileType = sourcecode.swift; path = MogoNavigatorModuleTests.swift; sourceTree = "<group>"; };
		E4A4B9F51F3C2DD200B27324 /* Info.plist */ = {isa = PBXFileReference; lastKnownFileType = text.plist.xml; path = Info.plist; sourceTree = "<group>"; };
		E4A4B9FA1F3C2DD200B27324 /* MogoNavigatorModuleUITests.xctest */ = {isa = PBXFileReference; explicitFileType = wrapper.cfbundle; includeInIndex = 0; path = MogoNavigatorModuleUITests.xctest; sourceTree = BUILT_PRODUCTS_DIR; };
		E4A4B9FE1F3C2DD200B27324 /* MogoNavigatorModuleUITests.swift */ = {isa = PBXFileReference; lastKnownFileType = sourcecode.swift; path = MogoNavigatorModuleUITests.swift; sourceTree = "<group>"; };
		E4A4BA001F3C2DD200B27324 /* Info.plist */ = {isa = PBXFileReference; lastKnownFileType = text.plist.xml; path = Info.plist; sourceTree = "<group>"; };
		E4A4BA0D1F3C2FD000B27324 /* MogoNavogator.swift */ = {isa = PBXFileReference; fileEncoding = 4; lastKnownFileType = sourcecode.swift; path = MogoNavogator.swift; sourceTree = "<group>"; };
/* End PBXFileReference section */

/* Begin PBXFrameworksBuildPhase section */
		E4A4B9D81F3C2DD200B27324 /* Frameworks */ = {
			isa = PBXFrameworksBuildPhase;
			buildActionMask = 2147483647;
			files = (
				E80358B57126BD23083D230B /* Pods_MogoNavigatorModule.framework in Frameworks */,
			);
			runOnlyForDeploymentPostprocessing = 0;
		};
		E4A4B9EC1F3C2DD200B27324 /* Frameworks */ = {
			isa = PBXFrameworksBuildPhase;
			buildActionMask = 2147483647;
			files = (
				5A071C477ED4A47812A1A5B0 /* Pods_MogoNavigatorModuleTests.framework in Frameworks */,
			);
			runOnlyForDeploymentPostprocessing = 0;
		};
		E4A4B9F71F3C2DD200B27324 /* Frameworks */ = {
			isa = PBXFrameworksBuildPhase;
			buildActionMask = 2147483647;
			files = (
				27FBB004471A71ED87D3D49D /* Pods_MogoNavigatorModuleUITests.framework in Frameworks */,
			);
			runOnlyForDeploymentPostprocessing = 0;
		};
/* End PBXFrameworksBuildPhase section */

/* Begin PBXGroup section */
		8F61560F18DD01C0D9A5E49F /* Pods */ = {
			isa = PBXGroup;
			children = (
				7E87A257B0805800FC591825 /* Pods-MogoNavigatorModule.debug.xcconfig */,
				1D93B67764BB3D91D17181C5 /* Pods-MogoNavigatorModule.release.xcconfig */,
				20044E1C3AA6D65B47A9EC7A /* Pods-MogoNavigatorModuleTests.debug.xcconfig */,
				116A7FF419A5657AF10018BF /* Pods-MogoNavigatorModuleTests.release.xcconfig */,
				D5A53D014EC67977CA5A759C /* Pods-MogoNavigatorModuleUITests.debug.xcconfig */,
				2FA785BB63B5738330692E6F /* Pods-MogoNavigatorModuleUITests.release.xcconfig */,
			);
			name = Pods;
			sourceTree = "<group>";
		};
		A3FD515A596692F64FF87B39 /* Frameworks */ = {
			isa = PBXGroup;
			children = (
				8CFEB9AA5662FEE5C3F5AF4C /* Pods_MogoNavigatorModule.framework */,
				B146B8D59087E50D295BF70E /* Pods_MogoNavigatorModuleTests.framework */,
				9855B2BFD8E23AA29EABA4AF /* Pods_MogoNavigatorModuleUITests.framework */,
			);
			name = Frameworks;
			sourceTree = "<group>";
		};
		E4A4B9D21F3C2DD200B27324 = {
			isa = PBXGroup;
			children = (
				E4A4BA0C1F3C2F6000B27324 /* Sources */,
				E4A4B9DD1F3C2DD200B27324 /* MogoNavigatorModule */,
				E4A4B9F21F3C2DD200B27324 /* MogoNavigatorModuleTests */,
				E4A4B9FD1F3C2DD200B27324 /* MogoNavigatorModuleUITests */,
				E4A4B9DC1F3C2DD200B27324 /* Products */,
				8F61560F18DD01C0D9A5E49F /* Pods */,
				A3FD515A596692F64FF87B39 /* Frameworks */,
			);
			sourceTree = "<group>";
		};
		E4A4B9DC1F3C2DD200B27324 /* Products */ = {
			isa = PBXGroup;
			children = (
				E4A4B9DB1F3C2DD200B27324 /* MogoNavigatorModule.app */,
				E4A4B9EF1F3C2DD200B27324 /* MogoNavigatorModuleTests.xctest */,
				E4A4B9FA1F3C2DD200B27324 /* MogoNavigatorModuleUITests.xctest */,
			);
			name = Products;
			sourceTree = "<group>";
		};
		E4A4B9DD1F3C2DD200B27324 /* MogoNavigatorModule */ = {
			isa = PBXGroup;
			children = (
				E4A4B9DE1F3C2DD200B27324 /* AppDelegate.swift */,
				E4A4B9E01F3C2DD200B27324 /* ViewController.swift */,
				E4A4B9E21F3C2DD200B27324 /* Main.storyboard */,
				E4A4B9E51F3C2DD200B27324 /* Assets.xcassets */,
				E4A4B9E71F3C2DD200B27324 /* LaunchScreen.storyboard */,
				E4A4B9EA1F3C2DD200B27324 /* Info.plist */,
			);
			path = MogoNavigatorModule;
			sourceTree = "<group>";
		};
		E4A4B9F21F3C2DD200B27324 /* MogoNavigatorModuleTests */ = {
			isa = PBXGroup;
			children = (
				E4A4B9F31F3C2DD200B27324 /* MogoNavigatorModuleTests.swift */,
				E4A4B9F51F3C2DD200B27324 /* Info.plist */,
			);
			path = MogoNavigatorModuleTests;
			sourceTree = "<group>";
		};
		E4A4B9FD1F3C2DD200B27324 /* MogoNavigatorModuleUITests */ = {
			isa = PBXGroup;
			children = (
				E4A4B9FE1F3C2DD200B27324 /* MogoNavigatorModuleUITests.swift */,
				E4A4BA001F3C2DD200B27324 /* Info.plist */,
			);
			path = MogoNavigatorModuleUITests;
			sourceTree = "<group>";
		};
		E4A4BA0C1F3C2F6000B27324 /* Sources */ = {
			isa = PBXGroup;
			children = (
				E4A4BA0D1F3C2FD000B27324 /* MogoNavogator.swift */,
			);
			name = Sources;
			path = ../Sources;
			sourceTree = "<group>";
		};
/* End PBXGroup section */

/* Begin PBXNativeTarget section */
		E4A4B9DA1F3C2DD200B27324 /* MogoNavigatorModule */ = {
			isa = PBXNativeTarget;
			buildConfigurationList = E4A4BA031F3C2DD200B27324 /* Build configuration list for PBXNativeTarget "MogoNavigatorModule" */;
			buildPhases = (
				FCCB37ECBB77B4676BD9F145 /* [CP] Check Pods Manifest.lock */,
				E4A4B9D71F3C2DD200B27324 /* Sources */,
				E4A4B9D81F3C2DD200B27324 /* Frameworks */,
				E4A4B9D91F3C2DD200B27324 /* Resources */,
				02B7F308BFCACCB48934C137 /* [CP] Embed Pods Frameworks */,
				BDF58438B9E0AB199F6FD7CF /* [CP] Copy Pods Resources */,
			);
			buildRules = (
			);
			dependencies = (
			);
			name = MogoNavigatorModule;
			productName = MogoNavigatorModule;
			productReference = E4A4B9DB1F3C2DD200B27324 /* MogoNavigatorModule.app */;
			productType = "com.apple.product-type.application";
		};
		E4A4B9EE1F3C2DD200B27324 /* MogoNavigatorModuleTests */ = {
			isa = PBXNativeTarget;
			buildConfigurationList = E4A4BA061F3C2DD200B27324 /* Build configuration list for PBXNativeTarget "MogoNavigatorModuleTests" */;
			buildPhases = (
				361FE98C1E9C80ACD421235C /* [CP] Check Pods Manifest.lock */,
				E4A4B9EB1F3C2DD200B27324 /* Sources */,
				E4A4B9EC1F3C2DD200B27324 /* Frameworks */,
				E4A4B9ED1F3C2DD200B27324 /* Resources */,
				0B939B2F56DF289EC288D0DF /* [CP] Embed Pods Frameworks */,
				0FAC5F9D4D64F4C609BB5F98 /* [CP] Copy Pods Resources */,
			);
			buildRules = (
			);
			dependencies = (
				E4A4B9F11F3C2DD200B27324 /* PBXTargetDependency */,
			);
			name = MogoNavigatorModuleTests;
			productName = MogoNavigatorModuleTests;
			productReference = E4A4B9EF1F3C2DD200B27324 /* MogoNavigatorModuleTests.xctest */;
			productType = "com.apple.product-type.bundle.unit-test";
		};
		E4A4B9F91F3C2DD200B27324 /* MogoNavigatorModuleUITests */ = {
			isa = PBXNativeTarget;
			buildConfigurationList = E4A4BA091F3C2DD200B27324 /* Build configuration list for PBXNativeTarget "MogoNavigatorModuleUITests" */;
			buildPhases = (
				F114CD17ECAF95A2328AF6B8 /* [CP] Check Pods Manifest.lock */,
				E4A4B9F61F3C2DD200B27324 /* Sources */,
				E4A4B9F71F3C2DD200B27324 /* Frameworks */,
				E4A4B9F81F3C2DD200B27324 /* Resources */,
				B8B8C48E66A82082126D63A3 /* [CP] Embed Pods Frameworks */,
				B0256A0E822B70DA180878C6 /* [CP] Copy Pods Resources */,
			);
			buildRules = (
			);
			dependencies = (
				E4A4B9FC1F3C2DD200B27324 /* PBXTargetDependency */,
			);
			name = MogoNavigatorModuleUITests;
			productName = MogoNavigatorModuleUITests;
			productReference = E4A4B9FA1F3C2DD200B27324 /* MogoNavigatorModuleUITests.xctest */;
			productType = "com.apple.product-type.bundle.ui-testing";
		};
/* End PBXNativeTarget section */

/* Begin PBXProject section */
		E4A4B9D31F3C2DD200B27324 /* Project object */ = {
			isa = PBXProject;
			attributes = {
				LastSwiftUpdateCheck = 0830;
				LastUpgradeCheck = 0830;
				ORGANIZATIONNAME = song;
				TargetAttributes = {
					E4A4B9DA1F3C2DD200B27324 = {
						CreatedOnToolsVersion = 8.3.3;
						DevelopmentTeam = QJWKFR3L8K;
						ProvisioningStyle = Automatic;
					};
					E4A4B9EE1F3C2DD200B27324 = {
						CreatedOnToolsVersion = 8.3.3;
						DevelopmentTeam = QJWKFR3L8K;
						ProvisioningStyle = Automatic;
						TestTargetID = E4A4B9DA1F3C2DD200B27324;
					};
					E4A4B9F91F3C2DD200B27324 = {
						CreatedOnToolsVersion = 8.3.3;
						DevelopmentTeam = QJWKFR3L8K;
						ProvisioningStyle = Automatic;
						TestTargetID = E4A4B9DA1F3C2DD200B27324;
					};
				};
			};
			buildConfigurationList = E4A4B9D61F3C2DD200B27324 /* Build configuration list for PBXProject "MogoNavigatorModule" */;
			compatibilityVersion = "Xcode 3.2";
			developmentRegion = English;
			hasScannedForEncodings = 0;
			knownRegions = (
				en,
				Base,
			);
			mainGroup = E4A4B9D21F3C2DD200B27324;
			productRefGroup = E4A4B9DC1F3C2DD200B27324 /* Products */;
			projectDirPath = "";
			projectRoot = "";
			targets = (
				E4A4B9DA1F3C2DD200B27324 /* MogoNavigatorModule */,
				E4A4B9EE1F3C2DD200B27324 /* MogoNavigatorModuleTests */,
				E4A4B9F91F3C2DD200B27324 /* MogoNavigatorModuleUITests */,
			);
		};
/* End PBXProject section */

/* Begin PBXResourcesBuildPhase section */
		E4A4B9D91F3C2DD200B27324 /* Resources */ = {
			isa = PBXResourcesBuildPhase;
			buildActionMask = 2147483647;
			files = (
				E4A4B9E91F3C2DD200B27324 /* LaunchScreen.storyboard in Resources */,
				E4A4B9E61F3C2DD200B27324 /* Assets.xcassets in Resources */,
				E4A4B9E41F3C2DD200B27324 /* Main.storyboard in Resources */,
			);
			runOnlyForDeploymentPostprocessing = 0;
		};
		E4A4B9ED1F3C2DD200B27324 /* Resources */ = {
			isa = PBXResourcesBuildPhase;
			buildActionMask = 2147483647;
			files = (
			);
			runOnlyForDeploymentPostprocessing = 0;
		};
		E4A4B9F81F3C2DD200B27324 /* Resources */ = {
			isa = PBXResourcesBuildPhase;
			buildActionMask = 2147483647;
			files = (
			);
			runOnlyForDeploymentPostprocessing = 0;
		};
/* End PBXResourcesBuildPhase section */

/* Begin PBXShellScriptBuildPhase section */
		02B7F308BFCACCB48934C137 /* [CP] Embed Pods Frameworks */ = {
			isa = PBXShellScriptBuildPhase;
			buildActionMask = 2147483647;
			files = (
			);
			inputPaths = (
				"${SRCROOT}/Pods/Target Support Files/Pods-MogoNavigatorModule/Pods-MogoNavigatorModule-frameworks.sh",
				"${BUILT_PRODUCTS_DIR}/DeeplinkNavigator/DeeplinkNavigator.framework",
			);
			name = "[CP] Embed Pods Frameworks";
			outputPaths = (
				"${TARGET_BUILD_DIR}/${FRAMEWORKS_FOLDER_PATH}/DeeplinkNavigator.framework",
			);
			runOnlyForDeploymentPostprocessing = 0;
			shellPath = /bin/sh;
			shellScript = "\"${SRCROOT}/Pods/Target Support Files/Pods-MogoNavigatorModule/Pods-MogoNavigatorModule-frameworks.sh\"\n";
			showEnvVarsInLog = 0;
		};
		0B939B2F56DF289EC288D0DF /* [CP] Embed Pods Frameworks */ = {
			isa = PBXShellScriptBuildPhase;
			buildActionMask = 2147483647;
			files = (
			);
			inputPaths = (
			);
			name = "[CP] Embed Pods Frameworks";
			outputPaths = (
			);
			runOnlyForDeploymentPostprocessing = 0;
			shellPath = /bin/sh;
			shellScript = "\"${SRCROOT}/Pods/Target Support Files/Pods-MogoNavigatorModuleTests/Pods-MogoNavigatorModuleTests-frameworks.sh\"\n";
			showEnvVarsInLog = 0;
		};
		0FAC5F9D4D64F4C609BB5F98 /* [CP] Copy Pods Resources */ = {
			isa = PBXShellScriptBuildPhase;
			buildActionMask = 2147483647;
			files = (
			);
			inputPaths = (
			);
			name = "[CP] Copy Pods Resources";
			outputPaths = (
			);
			runOnlyForDeploymentPostprocessing = 0;
			shellPath = /bin/sh;
			shellScript = "\"${SRCROOT}/Pods/Target Support Files/Pods-MogoNavigatorModuleTests/Pods-MogoNavigatorModuleTests-resources.sh\"\n";
			showEnvVarsInLog = 0;
		};
		361FE98C1E9C80ACD421235C /* [CP] Check Pods Manifest.lock */ = {
			isa = PBXShellScriptBuildPhase;
			buildActionMask = 2147483647;
			files = (
			);
			inputPaths = (
				"${PODS_PODFILE_DIR_PATH}/Podfile.lock",
				"${PODS_ROOT}/Manifest.lock",
			);
			name = "[CP] Check Pods Manifest.lock";
			outputPaths = (
				"$(DERIVED_FILE_DIR)/Pods-MogoNavigatorModuleTests-checkManifestLockResult.txt",
			);
			runOnlyForDeploymentPostprocessing = 0;
			shellPath = /bin/sh;
			shellScript = "diff \"${PODS_PODFILE_DIR_PATH}/Podfile.lock\" \"${PODS_ROOT}/Manifest.lock\" > /dev/null\nif [ $? != 0 ] ; then\n    # print error to STDERR\n    echo \"error: The sandbox is not in sync with the Podfile.lock. Run 'pod install' or update your CocoaPods installation.\" >&2\n    exit 1\nfi\n# This output is used by Xcode 'outputs' to avoid re-running this script phase.\necho \"SUCCESS\" > \"${SCRIPT_OUTPUT_FILE_0}\"\n";
			showEnvVarsInLog = 0;
		};
		B0256A0E822B70DA180878C6 /* [CP] Copy Pods Resources */ = {
			isa = PBXShellScriptBuildPhase;
			buildActionMask = 2147483647;
			files = (
			);
			inputPaths = (
			);
			name = "[CP] Copy Pods Resources";
			outputPaths = (
			);
			runOnlyForDeploymentPostprocessing = 0;
			shellPath = /bin/sh;
			shellScript = "\"${SRCROOT}/Pods/Target Support Files/Pods-MogoNavigatorModuleUITests/Pods-MogoNavigatorModuleUITests-resources.sh\"\n";
			showEnvVarsInLog = 0;
		};
		B8B8C48E66A82082126D63A3 /* [CP] Embed Pods Frameworks */ = {
			isa = PBXShellScriptBuildPhase;
			buildActionMask = 2147483647;
			files = (
			);
			inputPaths = (
			);
			name = "[CP] Embed Pods Frameworks";
			outputPaths = (
			);
			runOnlyForDeploymentPostprocessing = 0;
			shellPath = /bin/sh;
			shellScript = "\"${SRCROOT}/Pods/Target Support Files/Pods-MogoNavigatorModuleUITests/Pods-MogoNavigatorModuleUITests-frameworks.sh\"\n";
			showEnvVarsInLog = 0;
		};
		BDF58438B9E0AB199F6FD7CF /* [CP] Copy Pods Resources */ = {
			isa = PBXShellScriptBuildPhase;
			buildActionMask = 2147483647;
			files = (
			);
			inputPaths = (
			);
			name = "[CP] Copy Pods Resources";
			outputPaths = (
			);
			runOnlyForDeploymentPostprocessing = 0;
			shellPath = /bin/sh;
			shellScript = "\"${SRCROOT}/Pods/Target Support Files/Pods-MogoNavigatorModule/Pods-MogoNavigatorModule-resources.sh\"\n";
			showEnvVarsInLog = 0;
		};
		F114CD17ECAF95A2328AF6B8 /* [CP] Check Pods Manifest.lock */ = {
			isa = PBXShellScriptBuildPhase;
			buildActionMask = 2147483647;
			files = (
			);
			inputPaths = (
				"${PODS_PODFILE_DIR_PATH}/Podfile.lock",
				"${PODS_ROOT}/Manifest.lock",
			);
			name = "[CP] Check Pods Manifest.lock";
			outputPaths = (
				"$(DERIVED_FILE_DIR)/Pods-MogoNavigatorModuleUITests-checkManifestLockResult.txt",
			);
			runOnlyForDeploymentPostprocessing = 0;
			shellPath = /bin/sh;
			shellScript = "diff \"${PODS_PODFILE_DIR_PATH}/Podfile.lock\" \"${PODS_ROOT}/Manifest.lock\" > /dev/null\nif [ $? != 0 ] ; then\n    # print error to STDERR\n    echo \"error: The sandbox is not in sync with the Podfile.lock. Run 'pod install' or update your CocoaPods installation.\" >&2\n    exit 1\nfi\n# This output is used by Xcode 'outputs' to avoid re-running this script phase.\necho \"SUCCESS\" > \"${SCRIPT_OUTPUT_FILE_0}\"\n";
			showEnvVarsInLog = 0;
		};
		FCCB37ECBB77B4676BD9F145 /* [CP] Check Pods Manifest.lock */ = {
			isa = PBXShellScriptBuildPhase;
			buildActionMask = 2147483647;
			files = (
			);
			inputPaths = (
				"${PODS_PODFILE_DIR_PATH}/Podfile.lock",
				"${PODS_ROOT}/Manifest.lock",
			);
			name = "[CP] Check Pods Manifest.lock";
			outputPaths = (
				"$(DERIVED_FILE_DIR)/Pods-MogoNavigatorModule-checkManifestLockResult.txt",
			);
			runOnlyForDeploymentPostprocessing = 0;
			shellPath = /bin/sh;
			shellScript = "diff \"${PODS_PODFILE_DIR_PATH}/Podfile.lock\" \"${PODS_ROOT}/Manifest.lock\" > /dev/null\nif [ $? != 0 ] ; then\n    # print error to STDERR\n    echo \"error: The sandbox is not in sync with the Podfile.lock. Run 'pod install' or update your CocoaPods installation.\" >&2\n    exit 1\nfi\n# This output is used by Xcode 'outputs' to avoid re-running this script phase.\necho \"SUCCESS\" > \"${SCRIPT_OUTPUT_FILE_0}\"\n";
			showEnvVarsInLog = 0;
		};
/* End PBXShellScriptBuildPhase section */

/* Begin PBXSourcesBuildPhase section */
		E4A4B9D71F3C2DD200B27324 /* Sources */ = {
			isa = PBXSourcesBuildPhase;
			buildActionMask = 2147483647;
			files = (
				E4A4B9E11F3C2DD200B27324 /* ViewController.swift in Sources */,
				E4A4BA0E1F3C2FD000B27324 /* MogoNavogator.swift in Sources */,
				E4A4B9DF1F3C2DD200B27324 /* AppDelegate.swift in Sources */,
			);
			runOnlyForDeploymentPostprocessing = 0;
		};
		E4A4B9EB1F3C2DD200B27324 /* Sources */ = {
			isa = PBXSourcesBuildPhase;
			buildActionMask = 2147483647;
			files = (
				E4A4B9F41F3C2DD200B27324 /* MogoNavigatorModuleTests.swift in Sources */,
			);
			runOnlyForDeploymentPostprocessing = 0;
		};
		E4A4B9F61F3C2DD200B27324 /* Sources */ = {
			isa = PBXSourcesBuildPhase;
			buildActionMask = 2147483647;
			files = (
				E4A4B9FF1F3C2DD200B27324 /* MogoNavigatorModuleUITests.swift in Sources */,
			);
			runOnlyForDeploymentPostprocessing = 0;
		};
/* End PBXSourcesBuildPhase section */

/* Begin PBXTargetDependency section */
		E4A4B9F11F3C2DD200B27324 /* PBXTargetDependency */ = {
			isa = PBXTargetDependency;
			target = E4A4B9DA1F3C2DD200B27324 /* MogoNavigatorModule */;
			targetProxy = E4A4B9F01F3C2DD200B27324 /* PBXContainerItemProxy */;
		};
		E4A4B9FC1F3C2DD200B27324 /* PBXTargetDependency */ = {
			isa = PBXTargetDependency;
			target = E4A4B9DA1F3C2DD200B27324 /* MogoNavigatorModule */;
			targetProxy = E4A4B9FB1F3C2DD200B27324 /* PBXContainerItemProxy */;
		};
/* End PBXTargetDependency section */

/* Begin PBXVariantGroup section */
		E4A4B9E21F3C2DD200B27324 /* Main.storyboard */ = {
			isa = PBXVariantGroup;
			children = (
				E4A4B9E31F3C2DD200B27324 /* Base */,
			);
			name = Main.storyboard;
			sourceTree = "<group>";
		};
		E4A4B9E71F3C2DD200B27324 /* LaunchScreen.storyboard */ = {
			isa = PBXVariantGroup;
			children = (
				E4A4B9E81F3C2DD200B27324 /* Base */,
			);
			name = LaunchScreen.storyboard;
			sourceTree = "<group>";
		};
/* End PBXVariantGroup section */

/* Begin XCBuildConfiguration section */
		E4A4BA011F3C2DD200B27324 /* Debug */ = {
			isa = XCBuildConfiguration;
			buildSettings = {
				ALWAYS_SEARCH_USER_PATHS = NO;
				CLANG_ANALYZER_NONNULL = YES;
				CLANG_ANALYZER_NUMBER_OBJECT_CONVERSION = YES_AGGRESSIVE;
				CLANG_CXX_LANGUAGE_STANDARD = "gnu++0x";
				CLANG_CXX_LIBRARY = "libc++";
				CLANG_ENABLE_MODULES = YES;
				CLANG_ENABLE_OBJC_ARC = YES;
				CLANG_WARN_BOOL_CONVERSION = YES;
				CLANG_WARN_CONSTANT_CONVERSION = YES;
				CLANG_WARN_DIRECT_OBJC_ISA_USAGE = YES_ERROR;
				CLANG_WARN_DOCUMENTATION_COMMENTS = YES;
				CLANG_WARN_EMPTY_BODY = YES;
				CLANG_WARN_ENUM_CONVERSION = YES;
				CLANG_WARN_INFINITE_RECURSION = YES;
				CLANG_WARN_INT_CONVERSION = YES;
				CLANG_WARN_OBJC_ROOT_CLASS = YES_ERROR;
				CLANG_WARN_SUSPICIOUS_MOVE = YES;
				CLANG_WARN_UNREACHABLE_CODE = YES;
				CLANG_WARN__DUPLICATE_METHOD_MATCH = YES;
				"CODE_SIGN_IDENTITY[sdk=iphoneos*]" = "iPhone Developer";
				COPY_PHASE_STRIP = NO;
				DEBUG_INFORMATION_FORMAT = dwarf;
				ENABLE_STRICT_OBJC_MSGSEND = YES;
				ENABLE_TESTABILITY = YES;
				GCC_C_LANGUAGE_STANDARD = gnu99;
				GCC_DYNAMIC_NO_PIC = NO;
				GCC_NO_COMMON_BLOCKS = YES;
				GCC_OPTIMIZATION_LEVEL = 0;
				GCC_PREPROCESSOR_DEFINITIONS = (
					"DEBUG=1",
					"$(inherited)",
				);
				GCC_WARN_64_TO_32_BIT_CONVERSION = YES;
				GCC_WARN_ABOUT_RETURN_TYPE = YES_ERROR;
				GCC_WARN_UNDECLARED_SELECTOR = YES;
				GCC_WARN_UNINITIALIZED_AUTOS = YES_AGGRESSIVE;
				GCC_WARN_UNUSED_FUNCTION = YES;
				GCC_WARN_UNUSED_VARIABLE = YES;
				IPHONEOS_DEPLOYMENT_TARGET = 10.3;
				MTL_ENABLE_DEBUG_INFO = YES;
				ONLY_ACTIVE_ARCH = YES;
				SDKROOT = iphoneos;
				SWIFT_ACTIVE_COMPILATION_CONDITIONS = DEBUG;
				SWIFT_OPTIMIZATION_LEVEL = "-Onone";
				TARGETED_DEVICE_FAMILY = "1,2";
			};
			name = Debug;
		};
		E4A4BA021F3C2DD200B27324 /* Release */ = {
			isa = XCBuildConfiguration;
			buildSettings = {
				ALWAYS_SEARCH_USER_PATHS = NO;
				CLANG_ANALYZER_NONNULL = YES;
				CLANG_ANALYZER_NUMBER_OBJECT_CONVERSION = YES_AGGRESSIVE;
				CLANG_CXX_LANGUAGE_STANDARD = "gnu++0x";
				CLANG_CXX_LIBRARY = "libc++";
				CLANG_ENABLE_MODULES = YES;
				CLANG_ENABLE_OBJC_ARC = YES;
				CLANG_WARN_BOOL_CONVERSION = YES;
				CLANG_WARN_CONSTANT_CONVERSION = YES;
				CLANG_WARN_DIRECT_OBJC_ISA_USAGE = YES_ERROR;
				CLANG_WARN_DOCUMENTATION_COMMENTS = YES;
				CLANG_WARN_EMPTY_BODY = YES;
				CLANG_WARN_ENUM_CONVERSION = YES;
				CLANG_WARN_INFINITE_RECURSION = YES;
				CLANG_WARN_INT_CONVERSION = YES;
				CLANG_WARN_OBJC_ROOT_CLASS = YES_ERROR;
				CLANG_WARN_SUSPICIOUS_MOVE = YES;
				CLANG_WARN_UNREACHABLE_CODE = YES;
				CLANG_WARN__DUPLICATE_METHOD_MATCH = YES;
				"CODE_SIGN_IDENTITY[sdk=iphoneos*]" = "iPhone Developer";
				COPY_PHASE_STRIP = NO;
				DEBUG_INFORMATION_FORMAT = "dwarf-with-dsym";
				ENABLE_NS_ASSERTIONS = NO;
				ENABLE_STRICT_OBJC_MSGSEND = YES;
				GCC_C_LANGUAGE_STANDARD = gnu99;
				GCC_NO_COMMON_BLOCKS = YES;
				GCC_WARN_64_TO_32_BIT_CONVERSION = YES;
				GCC_WARN_ABOUT_RETURN_TYPE = YES_ERROR;
				GCC_WARN_UNDECLARED_SELECTOR = YES;
				GCC_WARN_UNINITIALIZED_AUTOS = YES_AGGRESSIVE;
				GCC_WARN_UNUSED_FUNCTION = YES;
				GCC_WARN_UNUSED_VARIABLE = YES;
				IPHONEOS_DEPLOYMENT_TARGET = 10.3;
				MTL_ENABLE_DEBUG_INFO = NO;
				SDKROOT = iphoneos;
				SWIFT_OPTIMIZATION_LEVEL = "-Owholemodule";
				TARGETED_DEVICE_FAMILY = "1,2";
				VALIDATE_PRODUCT = YES;
			};
			name = Release;
		};
		E4A4BA041F3C2DD200B27324 /* Debug */ = {
			isa = XCBuildConfiguration;
			baseConfigurationReference = 7E87A257B0805800FC591825 /* Pods-MogoNavigatorModule.debug.xcconfig */;
			buildSettings = {
				ASSETCATALOG_COMPILER_APPICON_NAME = AppIcon;
				DEVELOPMENT_TEAM = QJWKFR3L8K;
				INFOPLIST_FILE = MogoNavigatorModule/Info.plist;
				IPHONEOS_DEPLOYMENT_TARGET = 8.0;
				LD_RUNPATH_SEARCH_PATHS = "$(inherited) @executable_path/Frameworks";
				PRODUCT_BUNDLE_IDENTIFIER = com.Texy.MogoNavigatorModule;
				PRODUCT_NAME = "$(TARGET_NAME)";
				SWIFT_VERSION = 3.0;
			};
			name = Debug;
		};
		E4A4BA051F3C2DD200B27324 /* Release */ = {
			isa = XCBuildConfiguration;
			baseConfigurationReference = 1D93B67764BB3D91D17181C5 /* Pods-MogoNavigatorModule.release.xcconfig */;
			buildSettings = {
				ASSETCATALOG_COMPILER_APPICON_NAME = AppIcon;
				DEVELOPMENT_TEAM = QJWKFR3L8K;
				INFOPLIST_FILE = MogoNavigatorModule/Info.plist;
				IPHONEOS_DEPLOYMENT_TARGET = 8.0;
				LD_RUNPATH_SEARCH_PATHS = "$(inherited) @executable_path/Frameworks";
				PRODUCT_BUNDLE_IDENTIFIER = com.Texy.MogoNavigatorModule;
				PRODUCT_NAME = "$(TARGET_NAME)";
				SWIFT_VERSION = 3.0;
			};
			name = Release;
		};
		E4A4BA071F3C2DD200B27324 /* Debug */ = {
			isa = XCBuildConfiguration;
			baseConfigurationReference = 20044E1C3AA6D65B47A9EC7A /* Pods-MogoNavigatorModuleTests.debug.xcconfig */;
			buildSettings = {
				ALWAYS_EMBED_SWIFT_STANDARD_LIBRARIES = YES;
				BUNDLE_LOADER = "$(TEST_HOST)";
				DEVELOPMENT_TEAM = QJWKFR3L8K;
				INFOPLIST_FILE = MogoNavigatorModuleTests/Info.plist;
				LD_RUNPATH_SEARCH_PATHS = "$(inherited) @executable_path/Frameworks @loader_path/Frameworks";
				PRODUCT_BUNDLE_IDENTIFIER = com.Texy.MogoNavigatorModuleTests;
				PRODUCT_NAME = "$(TARGET_NAME)";
				SWIFT_VERSION = 3.0;
				TEST_HOST = "$(BUILT_PRODUCTS_DIR)/MogoNavigatorModule.app/MogoNavigatorModule";
			};
			name = Debug;
		};
		E4A4BA081F3C2DD200B27324 /* Release */ = {
			isa = XCBuildConfiguration;
			baseConfigurationReference = 116A7FF419A5657AF10018BF /* Pods-MogoNavigatorModuleTests.release.xcconfig */;
			buildSettings = {
				ALWAYS_EMBED_SWIFT_STANDARD_LIBRARIES = YES;
				BUNDLE_LOADER = "$(TEST_HOST)";
				DEVELOPMENT_TEAM = QJWKFR3L8K;
				INFOPLIST_FILE = MogoNavigatorModuleTests/Info.plist;
				LD_RUNPATH_SEARCH_PATHS = "$(inherited) @executable_path/Frameworks @loader_path/Frameworks";
				PRODUCT_BUNDLE_IDENTIFIER = com.Texy.MogoNavigatorModuleTests;
				PRODUCT_NAME = "$(TARGET_NAME)";
				SWIFT_VERSION = 3.0;
				TEST_HOST = "$(BUILT_PRODUCTS_DIR)/MogoNavigatorModule.app/MogoNavigatorModule";
			};
			name = Release;
		};
		E4A4BA0A1F3C2DD200B27324 /* Debug */ = {
			isa = XCBuildConfiguration;
			baseConfigurationReference = D5A53D014EC67977CA5A759C /* Pods-MogoNavigatorModuleUITests.debug.xcconfig */;
			buildSettings = {
				ALWAYS_EMBED_SWIFT_STANDARD_LIBRARIES = YES;
				DEVELOPMENT_TEAM = QJWKFR3L8K;
				INFOPLIST_FILE = MogoNavigatorModuleUITests/Info.plist;
				LD_RUNPATH_SEARCH_PATHS = "$(inherited) @executable_path/Frameworks @loader_path/Frameworks";
				PRODUCT_BUNDLE_IDENTIFIER = com.Texy.MogoNavigatorModuleUITests;
				PRODUCT_NAME = "$(TARGET_NAME)";
				SWIFT_VERSION = 3.0;
				TEST_TARGET_NAME = MogoNavigatorModule;
			};
			name = Debug;
		};
		E4A4BA0B1F3C2DD200B27324 /* Release */ = {
			isa = XCBuildConfiguration;
			baseConfigurationReference = 2FA785BB63B5738330692E6F /* Pods-MogoNavigatorModuleUITests.release.xcconfig */;
			buildSettings = {
				ALWAYS_EMBED_SWIFT_STANDARD_LIBRARIES = YES;
				DEVELOPMENT_TEAM = QJWKFR3L8K;
				INFOPLIST_FILE = MogoNavigatorModuleUITests/Info.plist;
				LD_RUNPATH_SEARCH_PATHS = "$(inherited) @executable_path/Frameworks @loader_path/Frameworks";
				PRODUCT_BUNDLE_IDENTIFIER = com.Texy.MogoNavigatorModuleUITests;
				PRODUCT_NAME = "$(TARGET_NAME)";
				SWIFT_VERSION = 3.0;
				TEST_TARGET_NAME = MogoNavigatorModule;
			};
			name = Release;
		};
/* End XCBuildConfiguration section */

/* Begin XCConfigurationList section */
		E4A4B9D61F3C2DD200B27324 /* Build configuration list for PBXProject "MogoNavigatorModule" */ = {
			isa = XCConfigurationList;
			buildConfigurations = (
				E4A4BA011F3C2DD200B27324 /* Debug */,
				E4A4BA021F3C2DD200B27324 /* Release */,
			);
			defaultConfigurationIsVisible = 0;
			defaultConfigurationName = Release;
		};
		E4A4BA031F3C2DD200B27324 /* Build configuration list for PBXNativeTarget "MogoNavigatorModule" */ = {
			isa = XCConfigurationList;
			buildConfigurations = (
				E4A4BA041F3C2DD200B27324 /* Debug */,
				E4A4BA051F3C2DD200B27324 /* Release */,
			);
			defaultConfigurationIsVisible = 0;
			defaultConfigurationName = Release;
		};
		E4A4BA061F3C2DD200B27324 /* Build configuration list for PBXNativeTarget "MogoNavigatorModuleTests" */ = {
			isa = XCConfigurationList;
			buildConfigurations = (
				E4A4BA071F3C2DD200B27324 /* Debug */,
				E4A4BA081F3C2DD200B27324 /* Release */,
			);
			defaultConfigurationIsVisible = 0;
			defaultConfigurationName = Release;
		};
		E4A4BA091F3C2DD200B27324 /* Build configuration list for PBXNativeTarget "MogoNavigatorModuleUITests" */ = {
			isa = XCConfigurationList;
			buildConfigurations = (
				E4A4BA0A1F3C2DD200B27324 /* Debug */,
				E4A4BA0B1F3C2DD200B27324 /* Release */,
			);
			defaultConfigurationIsVisible = 0;
			defaultConfigurationName = Release;
		};
/* End XCConfigurationList section */
	};
	rootObject = E4A4B9D31F3C2DD200B27324 /* Project object */;
}
